Microsoft Visual Studio Solution File, Format Version 11.00
# Visual Studio 2010
Project("{2150E333-8FDC-42A3-9474-1A3956D46DE8}") = "Solution Items", "Solution Items", "{6D0E66D0-3F6C-4941-8E2D-685E9DC5FA9C}"
	ProjectSection(SolutionItems) = preProject
		Approach.vsmdi = Approach.vsmdi
		Approach_LocalTestRun.testrunconfig = Approach_LocalTestRun.testrunconfig
	EndProjectSection
EndProject
Project("{8BC9CEB8-8B4A-11D0-8D11-00A0C91BC942}") = "Approach", "Approach\Approach.vcxproj", "{C5156D8B-CDCF-49D5-9B6C-0C24B527EC51}"
EndProject
Project("{8BC9CEB8-8B4A-11D0-8D11-00A0C91BC942}") = "ApproachNsis", "ApproachNsis\ApproachNsis.vcxproj", "{71F83FA7-E336-4902-9FFA-83090794AF29}"
EndProject
Project("{8BC9CEB8-8B4A-11D0-8D11-00A0C91BC942}") = "Help", "Help\Help.vcxproj", "{7E77AE02-6BED-4885-82C1-0CFA9EDE4A66}"
EndProject
Project("{8BC9CEB8-8B4A-11D0-8D11-00A0C91BC942}") = "TraceAnalyzer", "TraceAnalyzer\TraceAnalyzer.vcxproj", "{F8DDD6A4-EA85-4BBD-9356-10BFB7AF1DCA}"
EndProject
Project("{8BC9CEB8-8B4A-11D0-8D11-00A0C91BC942}") = "AutoBuildNumber", "AutoBuildNumber\AutoBuildNumber.vcxproj", "{57C336CC-282A-48F7-99E5-4995341C5AA3}"
EndProject
Project("{8BC9CEB8-8B4A-11D0-8D11-00A0C91BC942}") = "ApproachTest", "ApproachTest\ApproachTest.vcxproj", "{2CB685CD-C3A6-4E82-A8A7-D23BBBFFF676}"
EndProject
Project("{8BC9CEB8-8B4A-11D0-8D11-00A0C91BC942}") = "ApproachIpc", "ApproachIpc\ApproachIpc.vcxproj", "{5A17FC7A-D757-48A0-99BD-A6356AAE3B67}"
EndProject
Project("{FAE04EC0-301F-11D3-BF4B-00C04F79EFBC}") = "RcShallow", "RcShallow\RcShallow.csproj", "{032A89D0-F660-4ED7-93C5-7C7A94B5AC65}"
EndProject
Global
	GlobalSection(TestCaseManagementSettings) = postSolution
		CategoryFile = Approach.vsmdi
	EndGlobalSection
	GlobalSection(SolutionConfigurationPlatforms) = preSolution
		Debug|Win32 = Debug|Win32
		Debug|x64 = Debug|x64
		Release|Win32 = Release|Win32
		Release|x64 = Release|x64
		UDebug|Win32 = UDebug|Win32
		UDebug|x64 = UDebug|x64
		URelease|Win32 = URelease|Win32
		URelease|x64 = URelease|x64
	EndGlobalSection
	GlobalSection(ProjectConfigurationPlatforms) = postSolution
		{C5156D8B-CDCF-49D5-9B6C-0C24B527EC51}.Debug|Win32.ActiveCfg = UDebug|Win32
		{C5156D8B-CDCF-49D5-9B6C-0C24B527EC51}.Debug|Win32.Build.0 = UDebug|Win32
		{C5156D8B-CDCF-49D5-9B6C-0C24B527EC51}.Debug|x64.ActiveCfg = UDebug|Win32
		{C5156D8B-CDCF-49D5-9B6C-0C24B527EC51}.Debug|x64.Build.0 = UDebug|Win32
		{C5156D8B-CDCF-49D5-9B6C-0C24B527EC51}.Release|Win32.ActiveCfg = URelease|Win32
		{C5156D8B-CDCF-49D5-9B6C-0C24B527EC51}.Release|Win32.Build.0 = URelease|Win32
		{C5156D8B-CDCF-49D5-9B6C-0C24B527EC51}.Release|x64.ActiveCfg = URelease|Win32
		{C5156D8B-CDCF-49D5-9B6C-0C24B527EC51}.Release|x64.Build.0 = URelease|Win32
		{C5156D8B-CDCF-49D5-9B6C-0C24B527EC51}.UDebug|Win32.ActiveCfg = UDebug|Win32
		{C5156D8B-CDCF-49D5-9B6C-0C24B527EC51}.UDebug|Win32.Build.0 = UDebug|Win32
		{C5156D8B-CDCF-49D5-9B6C-0C24B527EC51}.UDebug|x64.ActiveCfg = UDebug|x64
		{C5156D8B-CDCF-49D5-9B6C-0C24B527EC51}.UDebug|x64.Build.0 = UDebug|x64
		{C5156D8B-CDCF-49D5-9B6C-0C24B527EC51}.URelease|Win32.ActiveCfg = URelease|Win32
		{C5156D8B-CDCF-49D5-9B6C-0C24B527EC51}.URelease|Win32.Build.0 = URelease|Win32
		{C5156D8B-CDCF-49D5-9B6C-0C24B527EC51}.URelease|x64.ActiveCfg = URelease|x64
		{C5156D8B-CDCF-49D5-9B6C-0C24B527EC51}.URelease|x64.Build.0 = URelease|x64
		{71F83FA7-E336-4902-9FFA-83090794AF29}.Debug|Win32.ActiveCfg = Debug|Win32
		{71F83FA7-E336-4902-9FFA-83090794AF29}.Debug|Win32.Build.0 = Debug|Win32
		{71F83FA7-E336-4902-9FFA-83090794AF29}.Debug|x64.ActiveCfg = Debug|Win32
		{71F83FA7-E336-4902-9FFA-83090794AF29}.Debug|x64.Build.0 = Debug|Win32
		{71F83FA7-E336-4902-9FFA-83090794AF29}.Release|Win32.ActiveCfg = Release|Win32
		{71F83FA7-E336-4902-9FFA-83090794AF29}.Release|Win32.Build.0 = Release|Win32
		{71F83FA7-E336-4902-9FFA-83090794AF29}.Release|x64.ActiveCfg = Release|Win32
		{71F83FA7-E336-4902-9FFA-83090794AF29}.Release|x64.Build.0 = Release|Win32
		{71F83FA7-E336-4902-9FFA-83090794AF29}.UDebug|Win32.ActiveCfg = Debug|Win32
		{71F83FA7-E336-4902-9FFA-83090794AF29}.UDebug|Win32.Build.0 = Debug|Win32
		{71F83FA7-E336-4902-9FFA-83090794AF29}.UDebug|x64.ActiveCfg = Debug|Win32
		{71F83FA7-E336-4902-9FFA-83090794AF29}.UDebug|x64.Build.0 = Debug|Win32
		{71F83FA7-E336-4902-9FFA-83090794AF29}.URelease|Win32.ActiveCfg = Release|Win32
		{71F83FA7-E336-4902-9FFA-83090794AF29}.URelease|Win32.Build.0 = Release|Win32
		{71F83FA7-E336-4902-9FFA-83090794AF29}.URelease|x64.ActiveCfg = Release|Win32
		{71F83FA7-E336-4902-9FFA-83090794AF29}.URelease|x64.Build.0 = Release|Win32
		{7E77AE02-6BED-4885-82C1-0CFA9EDE4A66}.Debug|Win32.ActiveCfg = Common|Win32
		{7E77AE02-6BED-4885-82C1-0CFA9EDE4A66}.Debug|Win32.Build.0 = Common|Win32
		{7E77AE02-6BED-4885-82C1-0CFA9EDE4A66}.Debug|x64.ActiveCfg = Common|Win32
		{7E77AE02-6BED-4885-82C1-0CFA9EDE4A66}.Debug|x64.Build.0 = Common|Win32
		{7E77AE02-6BED-4885-82C1-0CFA9EDE4A66}.Release|Win32.ActiveCfg = Common|Win32
		{7E77AE02-6BED-4885-82C1-0CFA9EDE4A66}.Release|Win32.Build.0 = Common|Win32
		{7E77AE02-6BED-4885-82C1-0CFA9EDE4A66}.Release|x64.ActiveCfg = Common|Win32
		{7E77AE02-6BED-4885-82C1-0CFA9EDE4A66}.Release|x64.Build.0 = Common|Win32
		{7E77AE02-6BED-4885-82C1-0CFA9EDE4A66}.UDebug|Win32.ActiveCfg = Common|Win32
		{7E77AE02-6BED-4885-82C1-0CFA9EDE4A66}.UDebug|x64.ActiveCfg = Common|Win32
		{7E77AE02-6BED-4885-82C1-0CFA9EDE4A66}.URelease|Win32.ActiveCfg = Common|Win32
		{7E77AE02-6BED-4885-82C1-0CFA9EDE4A66}.URelease|Win32.Build.0 = Common|Win32
		{7E77AE02-6BED-4885-82C1-0CFA9EDE4A66}.URelease|x64.ActiveCfg = Common|Win32
		{7E77AE02-6BED-4885-82C1-0CFA9EDE4A66}.URelease|x64.Build.0 = Common|Win32
		{F8DDD6A4-EA85-4BBD-9356-10BFB7AF1DCA}.Debug|Win32.ActiveCfg = Debug|Win32
		{F8DDD6A4-EA85-4BBD-9356-10BFB7AF1DCA}.Debug|Win32.Build.0 = Debug|Win32
		{F8DDD6A4-EA85-4BBD-9356-10BFB7AF1DCA}.Debug|x64.ActiveCfg = Debug|Win32
		{F8DDD6A4-EA85-4BBD-9356-10BFB7AF1DCA}.Debug|x64.Build.0 = Debug|Win32
		{F8DDD6A4-EA85-4BBD-9356-10BFB7AF1DCA}.Release|Win32.ActiveCfg = Release|Win32
		{F8DDD6A4-EA85-4BBD-9356-10BFB7AF1DCA}.Release|Win32.Build.0 = Release|Win32
		{F8DDD6A4-EA85-4BBD-9356-10BFB7AF1DCA}.Release|x64.ActiveCfg = Release|Win32
		{F8DDD6A4-EA85-4BBD-9356-10BFB7AF1DCA}.Release|x64.Build.0 = Release|Win32
		{F8DDD6A4-EA85-4BBD-9356-10BFB7AF1DCA}.UDebug|Win32.ActiveCfg = Debug|Win32
		{F8DDD6A4-EA85-4BBD-9356-10BFB7AF1DCA}.UDebug|Win32.Build.0 = Debug|Win32
		{F8DDD6A4-EA85-4BBD-9356-10BFB7AF1DCA}.UDebug|x64.ActiveCfg = Debug|Win32
		{F8DDD6A4-EA85-4BBD-9356-10BFB7AF1DCA}.UDebug|x64.Build.0 = Debug|Win32
		{F8DDD6A4-EA85-4BBD-9356-10BFB7AF1DCA}.URelease|Win32.ActiveCfg = Release|Win32
		{F8DDD6A4-EA85-4BBD-9356-10BFB7AF1DCA}.URelease|Win32.Build.0 = Release|Win32
		{F8DDD6A4-EA85-4BBD-9356-10BFB7AF1DCA}.URelease|x64.ActiveCfg = Release|Win32
		{F8DDD6A4-EA85-4BBD-9356-10BFB7AF1DCA}.URelease|x64.Build.0 = Release|Win32
		{57C336CC-282A-48F7-99E5-4995341C5AA3}.Debug|Win32.ActiveCfg = Debug|Win32
		{57C336CC-282A-48F7-99E5-4995341C5AA3}.Debug|Win32.Build.0 = Debug|Win32
		{57C336CC-282A-48F7-99E5-4995341C5AA3}.Debug|x64.ActiveCfg = Debug|Win32
		{57C336CC-282A-48F7-99E5-4995341C5AA3}.Debug|x64.Build.0 = Debug|Win32
		{57C336CC-282A-48F7-99E5-4995341C5AA3}.Release|Win32.ActiveCfg = Release|Win32
		{57C336CC-282A-48F7-99E5-4995341C5AA3}.Release|Win32.Build.0 = Release|Win32
		{57C336CC-282A-48F7-99E5-4995341C5AA3}.Release|x64.ActiveCfg = Release|Win32
		{57C336CC-282A-48F7-99E5-4995341C5AA3}.Release|x64.Build.0 = Release|Win32
		{57C336CC-282A-48F7-99E5-4995341C5AA3}.UDebug|Win32.ActiveCfg = Debug|Win32
		{57C336CC-282A-48F7-99E5-4995341C5AA3}.UDebug|Win32.Build.0 = Debug|Win32
		{57C336CC-282A-48F7-99E5-4995341C5AA3}.UDebug|x64.ActiveCfg = Debug|Win32
		{57C336CC-282A-48F7-99E5-4995341C5AA3}.UDebug|x64.Build.0 = Debug|Win32
		{57C336CC-282A-48F7-99E5-4995341C5AA3}.URelease|Win32.ActiveCfg = Release|Win32
		{57C336CC-282A-48F7-99E5-4995341C5AA3}.URelease|Win32.Build.0 = Release|Win32
		{57C336CC-282A-48F7-99E5-4995341C5AA3}.URelease|x64.ActiveCfg = Release|Win32
		{57C336CC-282A-48F7-99E5-4995341C5AA3}.URelease|x64.Build.0 = Release|Win32
		{2CB685CD-C3A6-4E82-A8A7-D23BBBFFF676}.Debug|Win32.ActiveCfg = UDebug|Win32
		{2CB685CD-C3A6-4E82-A8A7-D23BBBFFF676}.Debug|Win32.Build.0 = UDebug|Win32
		{2CB685CD-C3A6-4E82-A8A7-D23BBBFFF676}.Debug|x64.ActiveCfg = UDebug|Win32
		{2CB685CD-C3A6-4E82-A8A7-D23BBBFFF676}.Debug|x64.Build.0 = UDebug|Win32
		{2CB685CD-C3A6-4E82-A8A7-D23BBBFFF676}.Release|Win32.ActiveCfg = URelease|Win32
		{2CB685CD-C3A6-4E82-A8A7-D23BBBFFF676}.Release|Win32.Build.0 = URelease|Win32
		{2CB685CD-C3A6-4E82-A8A7-D23BBBFFF676}.Release|x64.ActiveCfg = URelease|Win32
		{2CB685CD-C3A6-4E82-A8A7-D23BBBFFF676}.Release|x64.Build.0 = URelease|Win32
		{2CB685CD-C3A6-4E82-A8A7-D23BBBFFF676}.UDebug|Win32.ActiveCfg = UDebug|Win32
		{2CB685CD-C3A6-4E82-A8A7-D23BBBFFF676}.UDebug|Win32.Build.0 = UDebug|Win32
		{2CB685CD-C3A6-4E82-A8A7-D23BBBFFF676}.UDebug|x64.ActiveCfg = UDebug|Win32
		{2CB685CD-C3A6-4E82-A8A7-D23BBBFFF676}.UDebug|x64.Build.0 = UDebug|Win32
		{2CB685CD-C3A6-4E82-A8A7-D23BBBFFF676}.URelease|Win32.ActiveCfg = URelease|Win32
		{2CB685CD-C3A6-4E82-A8A7-D23BBBFFF676}.URelease|Win32.Build.0 = URelease|Win32
		{2CB685CD-C3A6-4E82-A8A7-D23BBBFFF676}.URelease|x64.ActiveCfg = URelease|Win32
		{2CB685CD-C3A6-4E82-A8A7-D23BBBFFF676}.URelease|x64.Build.0 = URelease|Win32
		{5A17FC7A-D757-48A0-99BD-A6356AAE3B67}.Debug|Win32.ActiveCfg = UDebug|Win32
		{5A17FC7A-D757-48A0-99BD-A6356AAE3B67}.Debug|Win32.Build.0 = UDebug|Win32
		{5A17FC7A-D757-48A0-99BD-A6356AAE3B67}.Debug|x64.ActiveCfg = UDebug|Win32
		{5A17FC7A-D757-48A0-99BD-A6356AAE3B67}.Debug|x64.Build.0 = UDebug|Win32
		{5A17FC7A-D757-48A0-99BD-A6356AAE3B67}.Release|Win32.ActiveCfg = URelease|Win32
		{5A17FC7A-D757-48A0-99BD-A6356AAE3B67}.Release|Win32.Build.0 = URelease|Win32
		{5A17FC7A-D757-48A0-99BD-A6356AAE3B67}.Release|x64.ActiveCfg = URelease|Win32
		{5A17FC7A-D757-48A0-99BD-A6356AAE3B67}.Release|x64.Build.0 = URelease|Win32
		{5A17FC7A-D757-48A0-99BD-A6356AAE3B67}.UDebug|Win32.ActiveCfg = UDebug|Win32
		{5A17FC7A-D757-48A0-99BD-A6356AAE3B67}.UDebug|Win32.Build.0 = UDebug|Win32
		{5A17FC7A-D757-48A0-99BD-A6356AAE3B67}.UDebug|x64.ActiveCfg = UDebug|x64
		{5A17FC7A-D757-48A0-99BD-A6356AAE3B67}.UDebug|x64.Build.0 = UDebug|x64
		{5A17FC7A-D757-48A0-99BD-A6356AAE3B67}.URelease|Win32.ActiveCfg = URelease|Win32
		{5A17FC7A-D757-48A0-99BD-A6356AAE3B67}.URelease|Win32.Build.0 = URelease|Win32
		{5A17FC7A-D757-48A0-99BD-A6356AAE3B67}.URelease|x64.ActiveCfg = URelease|x64
		{5A17FC7A-D757-48A0-99BD-A6356AAE3B67}.URelease|x64.Build.0 = URelease|x64
		{032A89D0-F660-4ED7-93C5-7C7A94B5AC65}.Debug|Win32.ActiveCfg = URelease|Any CPU
		{032A89D0-F660-4ED7-93C5-7C7A94B5AC65}.Debug|x64.ActiveCfg = URelease|Any CPU
		{032A89D0-F660-4ED7-93C5-7C7A94B5AC65}.Release|Win32.ActiveCfg = URelease|Any CPU
		{032A89D0-F660-4ED7-93C5-7C7A94B5AC65}.Release|x64.ActiveCfg = URelease|Any CPU
		{032A89D0-F660-4ED7-93C5-7C7A94B5AC65}.UDebug|Win32.ActiveCfg = UDebug|Any CPU
		{032A89D0-F660-4ED7-93C5-7C7A94B5AC65}.UDebug|Win32.Build.0 = UDebug|Any CPU
		{032A89D0-F660-4ED7-93C5-7C7A94B5AC65}.UDebug|x64.ActiveCfg = UDebug|Any CPU
		{032A89D0-F660-4ED7-93C5-7C7A94B5AC65}.UDebug|x64.Build.0 = UDebug|Any CPU
		{032A89D0-F660-4ED7-93C5-7C7A94B5AC65}.URelease|Win32.ActiveCfg = URelease|Any CPU
		{032A89D0-F660-4ED7-93C5-7C7A94B5AC65}.URelease|Win32.Build.0 = URelease|Any CPU
		{032A89D0-F660-4ED7-93C5-7C7A94B5AC65}.URelease|x64.ActiveCfg = URelease|Any CPU
		{032A89D0-F660-4ED7-93C5-7C7A94B5AC65}.URelease|x64.Build.0 = URelease|Any CPU
	EndGlobalSection
	GlobalSection(SolutionProperties) = preSolution
		HideSolutionNode = FALSE
	EndGlobalSection
EndGlobal
