Microsoft Visual Studio Solution File, Format Version 11.00
# Visual Studio 2010
Project("{8BC9CEB8-8B4A-11D0-8D11-00A0C91BC942}") = "InstantTxt", "InstantTxt\InstantTxt.vcxproj", "{487CBDF0-9182-439D-952F-BE6E209E56C7}"
EndProject
Project("{8BC9CEB8-8B4A-11D0-8D11-00A0C91BC942}") = "InstantWave", "InstantWave\InstantWave.vcxproj", "{DC536D0B-BEB0-4626-8B1A-E57C5C07E2FA}"
EndProject
Project("{8BC9CEB8-8B4A-11D0-8D11-00A0C91BC942}") = "ClipboardAssistant", "ClipboardAssistant\ClipboardAssistant.vcxproj", "{B3AE72D4-A317-4512-A708-FC95FDA4DC48}"
EndProject
Project("{8BC9CEB8-8B4A-11D0-8D11-00A0C91BC942}") = "Scope", "Scope\Scope.vcxproj", "{CE2C0528-A170-42E5-B318-ADC586A9B50B}"
EndProject
Global
	GlobalSection(SolutionConfigurationPlatforms) = preSolution
		UDebug|Win32 = UDebug|Win32
		UDebug|x64 = UDebug|x64
		URelease|Win32 = URelease|Win32
		URelease|x64 = URelease|x64
	EndGlobalSection
	GlobalSection(ProjectConfigurationPlatforms) = postSolution
		{487CBDF0-9182-439D-952F-BE6E209E56C7}.UDebug|Win32.ActiveCfg = UDebug|Win32
		{487CBDF0-9182-439D-952F-BE6E209E56C7}.UDebug|Win32.Build.0 = UDebug|Win32
		{487CBDF0-9182-439D-952F-BE6E209E56C7}.UDebug|x64.ActiveCfg = UDebug|x64
		{487CBDF0-9182-439D-952F-BE6E209E56C7}.UDebug|x64.Build.0 = UDebug|x64
		{487CBDF0-9182-439D-952F-BE6E209E56C7}.URelease|Win32.ActiveCfg = URelease|Win32
		{487CBDF0-9182-439D-952F-BE6E209E56C7}.URelease|Win32.Build.0 = URelease|Win32
		{487CBDF0-9182-439D-952F-BE6E209E56C7}.URelease|x64.ActiveCfg = URelease|x64
		{487CBDF0-9182-439D-952F-BE6E209E56C7}.URelease|x64.Build.0 = URelease|x64
		{DC536D0B-BEB0-4626-8B1A-E57C5C07E2FA}.UDebug|Win32.ActiveCfg = UDebug|Win32
		{DC536D0B-BEB0-4626-8B1A-E57C5C07E2FA}.UDebug|Win32.Build.0 = UDebug|Win32
		{DC536D0B-BEB0-4626-8B1A-E57C5C07E2FA}.UDebug|x64.ActiveCfg = UDebug|x64
		{DC536D0B-BEB0-4626-8B1A-E57C5C07E2FA}.UDebug|x64.Build.0 = UDebug|x64
		{DC536D0B-BEB0-4626-8B1A-E57C5C07E2FA}.URelease|Win32.ActiveCfg = URelease|Win32
		{DC536D0B-BEB0-4626-8B1A-E57C5C07E2FA}.URelease|Win32.Build.0 = URelease|Win32
		{DC536D0B-BEB0-4626-8B1A-E57C5C07E2FA}.URelease|x64.ActiveCfg = URelease|x64
		{DC536D0B-BEB0-4626-8B1A-E57C5C07E2FA}.URelease|x64.Build.0 = URelease|x64
		{B3AE72D4-A317-4512-A708-FC95FDA4DC48}.UDebug|Win32.ActiveCfg = UDebug|Win32
		{B3AE72D4-A317-4512-A708-FC95FDA4DC48}.UDebug|Win32.Build.0 = UDebug|Win32
		{B3AE72D4-A317-4512-A708-FC95FDA4DC48}.UDebug|x64.ActiveCfg = UDebug|x64
		{B3AE72D4-A317-4512-A708-FC95FDA4DC48}.UDebug|x64.Build.0 = UDebug|x64
		{B3AE72D4-A317-4512-A708-FC95FDA4DC48}.URelease|Win32.ActiveCfg = URelease|Win32
		{B3AE72D4-A317-4512-A708-FC95FDA4DC48}.URelease|Win32.Build.0 = URelease|Win32
		{B3AE72D4-A317-4512-A708-FC95FDA4DC48}.URelease|x64.ActiveCfg = URelease|x64
		{B3AE72D4-A317-4512-A708-FC95FDA4DC48}.URelease|x64.Build.0 = URelease|x64
		{CE2C0528-A170-42E5-B318-ADC586A9B50B}.UDebug|Win32.ActiveCfg = UDebug|Win32
		{CE2C0528-A170-42E5-B318-ADC586A9B50B}.UDebug|Win32.Build.0 = UDebug|Win32
		{CE2C0528-A170-42E5-B318-ADC586A9B50B}.UDebug|x64.ActiveCfg = UDebug|x64
		{CE2C0528-A170-42E5-B318-ADC586A9B50B}.UDebug|x64.Build.0 = UDebug|x64
		{CE2C0528-A170-42E5-B318-ADC586A9B50B}.URelease|Win32.ActiveCfg = URelease|Win32
		{CE2C0528-A170-42E5-B318-ADC586A9B50B}.URelease|Win32.Build.0 = URelease|Win32
		{CE2C0528-A170-42E5-B318-ADC586A9B50B}.URelease|x64.ActiveCfg = URelease|x64
		{CE2C0528-A170-42E5-B318-ADC586A9B50B}.URelease|x64.Build.0 = URelease|x64
	EndGlobalSection
	GlobalSection(SolutionProperties) = preSolution
		HideSolutionNode = FALSE
	EndGlobalSection
EndGlobal
