<?xml version="1.0" encoding="utf-8"?>
<Project ToolsVersion="4.0" xmlns="http://schemas.microsoft.com/developer/msbuild/2003">
  <ItemGroup>
    <Filter Include="Header Files">
      <UniqueIdentifier>{d9bd7569-03be-4661-b546-3acc24d90cc2}</UniqueIdentifier>
      <Extensions>h;hpp;hxx;hm;inl;inc</Extensions>
    </Filter>
    <Filter Include="Resource Files">
      <UniqueIdentifier>{3ab2dbdc-57eb-430b-86d2-d0ab40b6173a}</UniqueIdentifier>
      <Extensions>rc;ico;cur;bmp;dlg;rc2;rct;bin;rgs;jpg;jpeg;jpe;manifest</Extensions>
    </Filter>
    <Filter Include="Source Files">
      <UniqueIdentifier>{fdf3e520-5003-43c5-8d0f-445d46f58e99}</UniqueIdentifier>
      <Extensions>cpp;c;cxx;def;odl;idl;hpj;bat;asm</Extensions>
    </Filter>
    <Filter Include="Resources">
      <UniqueIdentifier>{da1bce03-38e0-47a4-9533-ab7c1cbbbf47}</UniqueIdentifier>
    </Filter>
    <Filter Include="SDK">
      <UniqueIdentifier>{5e92c042-ff4c-4c8b-9c34-85cc67661746}</UniqueIdentifier>
    </Filter>
  </ItemGroup>
  <ItemGroup>
    <ClInclude Include="..\..\_src\Approach\Application.h">
      <Filter>Header Files</Filter>
    </ClInclude>
    <ClInclude Include="..\..\_src\Approach\AppModule.h">
      <Filter>Header Files</Filter>
    </ClInclude>
    <ClInclude Include="..\..\_src\Approach\BindableEnum.h">
      <Filter>Header Files</Filter>
    </ClInclude>
    <ClInclude Include="..\..\_src\Common\BuildNumber.h">
      <Filter>Header Files</Filter>
    </ClInclude>
    <ClInclude Include="..\..\_src\Common\Common.h">
      <Filter>Header Files</Filter>
    </ClInclude>
    <ClInclude Include="..\..\_src\Approach\DisplayItem.h">
      <Filter>Header Files</Filter>
    </ClInclude>
    <ClInclude Include="..\..\_src\Approach\DisplayItem_Separator.h">
      <Filter>Header Files</Filter>
    </ClInclude>
    <ClInclude Include="..\..\_src\Approach\DisplayItem_SystemTime.h">
      <Filter>Header Files</Filter>
    </ClInclude>
    <ClInclude Include="..\..\_src\Approach\DisplayItemEventHandler.h">
      <Filter>Header Files</Filter>
    </ClInclude>
    <ClInclude Include="..\..\_src\Approach\DisplayItemView.h">
      <Filter>Header Files</Filter>
    </ClInclude>
    <ClInclude Include="..\..\_src\Approach\DlgOptions.h">
      <Filter>Header Files</Filter>
    </ClInclude>
    <ClInclude Include="..\..\_src\Approach\DlgOptionsApproachItems.h">
      <Filter>Header Files</Filter>
    </ClInclude>
    <ClInclude Include="..\..\_src\Approach\DlgOptionsPropPages.h">
      <Filter>Header Files</Filter>
    </ClInclude>
    <ClInclude Include="..\..\_src\Approach\DynamicDisplayItem.h">
      <Filter>Header Files</Filter>
    </ClInclude>
    <ClInclude Include="..\..\_src\Approach\ExceptItem.h">
      <Filter>Header Files</Filter>
    </ClInclude>
    <ClInclude Include="..\..\_src\Approach\FilePathProvider.h">
      <Filter>Header Files</Filter>
    </ClInclude>
    <ClInclude Include="..\..\_src\Approach\Framework.h">
      <Filter>Header Files</Filter>
    </ClInclude>
    <ClInclude Include="..\..\_src\Approach\HotspotImpl_FolderIcon.h">
      <Filter>Header Files</Filter>
    </ClInclude>
    <ClInclude Include="..\..\_src\Approach\HotspotImpl_NotifyIcon.h">
      <Filter>Header Files</Filter>
    </ClInclude>
    <ClInclude Include="..\..\_src\Approach\HotspotImpl_TitlebarMenus.h">
      <Filter>Header Files</Filter>
    </ClInclude>
    <ClInclude Include="..\..\_src\Approach\HotspotNew.h">
      <Filter>Header Files</Filter>
    </ClInclude>
    <ClInclude Include="..\..\_src\Approach\HtmlHelpProvider.h">
      <Filter>Header Files</Filter>
    </ClInclude>
    <ClInclude Include="..\..\_src\Approach\HttpRequest.h">
      <Filter>Header Files</Filter>
    </ClInclude>
    <ClInclude Include="..\..\_src\Approach\IconManager.h">
      <Filter>Header Files</Filter>
    </ClInclude>
    <ClInclude Include="..\..\_src\Common\InterProcessContextMenuInfo.h">
      <Filter>Header Files</Filter>
    </ClInclude>
    <ClInclude Include="..\..\_src\Common\IpcGuids.h">
      <Filter>Header Files</Filter>
    </ClInclude>
    <ClInclude Include="..\..\_src\Approach\IpcModule.h">
      <Filter>Header Files</Filter>
    </ClInclude>
    <ClInclude Include="..\..\_src\Common\IpcRootWindow.h">
      <Filter>Header Files</Filter>
    </ClInclude>
    <ClInclude Include="..\..\_src\Approach\ItemContextMenuHandlerDefault.h">
      <Filter>Header Files</Filter>
    </ClInclude>
    <ClInclude Include="..\..\_src\Approach\ItemDesignerBase.h">
      <Filter>Header Files</Filter>
    </ClInclude>
    <ClInclude Include="..\..\_src\Approach\LocalizationImpl.h">
      <Filter>Header Files</Filter>
    </ClInclude>
    <ClInclude Include="..\..\_src\Approach\LocalizationManager.h">
      <Filter>Header Files</Filter>
    </ClInclude>
    <ClInclude Include="..\..\_src\Approach\Logging.h">
      <Filter>Header Files</Filter>
    </ClInclude>
    <ClInclude Include="..\..\_src\Approach\MenuBuilder_Shell.h">
      <Filter>Header Files</Filter>
    </ClInclude>
    <ClInclude Include="..\..\_src\Approach\MenuManager.h">
      <Filter>Header Files</Filter>
    </ClInclude>
    <ClInclude Include="..\..\_src\Approach\MenuSet.h">
      <Filter>Header Files</Filter>
    </ClInclude>
    <ClInclude Include="..\..\_src\Approach\MenusetImpl_Run.h">
      <Filter>Header Files</Filter>
    </ClInclude>
    <ClInclude Include="..\..\_src\Approach\MenuSetImpl_RunningProcesses.h">
      <Filter>Header Files</Filter>
    </ClInclude>
    <ClInclude Include="..\..\_src\Approach\MenuSetSerialization.h">
      <Filter>Header Files</Filter>
    </ClInclude>
    <ClInclude Include="..\..\_src\Approach\MenuWindow_Shell.h">
      <Filter>Header Files</Filter>
    </ClInclude>
    <ClInclude Include="..\..\_src\Approach\PluginManager.h">
      <Filter>Header Files</Filter>
    </ClInclude>
    <ClInclude Include="..\..\_src\Approach\Preferences.h">
      <Filter>Header Files</Filter>
    </ClInclude>
    <ClInclude Include="..\..\_src\Approach\PreferencesPersistence.h">
      <Filter>Header Files</Filter>
    </ClInclude>
    <ClInclude Include="..\..\_src\Common\Prefs.h">
      <Filter>Header Files</Filter>
    </ClInclude>
    <ClInclude Include="..\..\_src\Approach\RootWindow.h">
      <Filter>Header Files</Filter>
    </ClInclude>
    <ClInclude Include="..\..\_src\Approach\ScrollItem.h">
      <Filter>Header Files</Filter>
    </ClInclude>
    <ClInclude Include="..\..\_src\Approach\ShellFolder.h">
      <Filter>Header Files</Filter>
    </ClInclude>
    <ClInclude Include="..\..\_src\Approach\ShellFolderLink.h">
      <Filter>Header Files</Filter>
    </ClInclude>
    <ClInclude Include="..\..\_src\Approach\ShellIconBackgroundExtraction.h">
      <Filter>Header Files</Filter>
    </ClInclude>
    <ClInclude Include="..\..\_src\Approach\ShellIconCache.h">
      <Filter>Header Files</Filter>
    </ClInclude>
    <ClInclude Include="..\..\_src\Approach\ShellItem.h">
      <Filter>Header Files</Filter>
    </ClInclude>
    <ClInclude Include="..\..\_src\Approach\ShellItemContextMenuExtension.h">
      <Filter>Header Files</Filter>
    </ClInclude>
    <ClInclude Include="..\..\_src\Approach\ShellItemEnumerator.h">
      <Filter>Header Files</Filter>
    </ClInclude>
    <ClInclude Include="..\..\_src\Approach\ShellItemFactory.h">
      <Filter>Header Files</Filter>
    </ClInclude>
    <ClInclude Include="..\..\_src\Approach\ShellItemGenericIconManager.h">
      <Filter>Header Files</Filter>
    </ClInclude>
    <ClInclude Include="..\..\_src\Approach\StandardPropertyPages.h">
      <Filter>Header Files</Filter>
    </ClInclude>
    <ClInclude Include="..\..\_src\Approach\StaticControl.h">
      <Filter>Header Files</Filter>
    </ClInclude>
    <ClInclude Include="..\..\_src\Approach\stdafx.h">
      <Filter>Header Files</Filter>
    </ClInclude>
    <ClInclude Include="..\..\_src\Approach\ThemeDefault.h">
      <Filter>Header Files</Filter>
    </ClInclude>
    <ClInclude Include="..\..\_src\Common\Trace.h">
      <Filter>Header Files</Filter>
    </ClInclude>
    <ClInclude Include="..\..\_src\Common\typedefs.h">
      <Filter>Header Files</Filter>
    </ClInclude>
    <ClInclude Include="..\..\_src\Approach\UpdateCheck.h">
      <Filter>Header Files</Filter>
    </ClInclude>
    <ClInclude Include="..\..\_src\Approach\util_KeyFile.h">
      <Filter>Header Files</Filter>
    </ClInclude>
    <ClInclude Include="..\..\_src\Approach\util_Localization.h">
      <Filter>Header Files</Filter>
    </ClInclude>
    <ClInclude Include="..\..\_src\Approach\util_Preferences.h">
      <Filter>Header Files</Filter>
    </ClInclude>
    <ClInclude Include="..\..\_src\Approach\util_Warning.h">
      <Filter>Header Files</Filter>
    </ClInclude>
    <ClInclude Include="..\..\_src\Approach\util_Window.h">
      <Filter>Header Files</Filter>
    </ClInclude>
    <ClInclude Include="..\..\_src\Approach\UtilGraphics.h">
      <Filter>Header Files</Filter>
    </ClInclude>
    <ClInclude Include="..\..\_src\Approach\Utility.h">
      <Filter>Header Files</Filter>
    </ClInclude>
    <ClInclude Include="..\..\_src\Common\UtilPidlFunc.h">
      <Filter>Header Files</Filter>
    </ClInclude>
    <ClInclude Include="..\..\_src\Approach\UtilShellFunc.h">
      <Filter>Header Files</Filter>
    </ClInclude>
    <ClInclude Include="..\..\_src\Approach\UtilShellNotify.h">
      <Filter>Header Files</Filter>
    </ClInclude>
    <ClInclude Include="..\..\_src\Approach\UxManager.h">
      <Filter>Header Files</Filter>
    </ClInclude>
    <ClInclude Include="..\..\_src\Common\WindowsConstants.h">
      <Filter>Header Files</Filter>
    </ClInclude>
    <ClInclude Include="..\..\_src\Approach\resource.h">
      <Filter>Resource Files</Filter>
    </ClInclude>
    <ClInclude Include="..\..\_src\ApproachSDK\LogicCommon.h">
      <Filter>SDK</Filter>
    </ClInclude>
    <ClInclude Include="..\..\_src\ApproachSDK\sdk_BinaryStream.h">
      <Filter>SDK</Filter>
    </ClInclude>
    <ClInclude Include="..\..\_src\ApproachSDK\sdk_ChangeableEntity.h">
      <Filter>SDK</Filter>
    </ClInclude>
    <ClInclude Include="..\..\_src\ApproachSDK\sdk_CharConversion.h">
      <Filter>SDK</Filter>
    </ClInclude>
    <ClInclude Include="..\..\_src\ApproachSDK\sdk_ComObject.h">
      <Filter>SDK</Filter>
    </ClInclude>
    <ClInclude Include="..\..\_src\ApproachSDK\sdk_ContextMenuExtension.h">
      <Filter>SDK</Filter>
    </ClInclude>
    <ClInclude Include="..\..\_src\ApproachSDK\sdk_CriticalSection.h">
      <Filter>SDK</Filter>
    </ClInclude>
    <ClInclude Include="..\..\_src\ApproachSDK\sdk_DisplayItem.h">
      <Filter>SDK</Filter>
    </ClInclude>
    <ClInclude Include="..\..\_src\ApproachSDK\sdk_GuidComparer.h">
      <Filter>SDK</Filter>
    </ClInclude>
    <ClInclude Include="..\..\_src\ApproachSDK\sdk_IconExtractor.h">
      <Filter>SDK</Filter>
    </ClInclude>
    <ClInclude Include="..\..\_src\ApproachSDK\sdk_Item.h">
      <Filter>SDK</Filter>
    </ClInclude>
    <ClInclude Include="..\..\_src\ApproachSDK\sdk_ItemDesigner.h">
      <Filter>SDK</Filter>
    </ClInclude>
    <ClInclude Include="..\..\_src\ApproachSDK\sdk_ItemFactory.h">
      <Filter>SDK</Filter>
    </ClInclude>
    <ClInclude Include="..\..\_src\ApproachSDK\sdk_ItemProvider.h">
      <Filter>SDK</Filter>
    </ClInclude>
    <ClInclude Include="..\..\_src\ApproachSDK\sdk_Launchable.h">
      <Filter>SDK</Filter>
    </ClInclude>
    <ClInclude Include="..\..\_src\ApproachSDK\sdk_Localization.h">
      <Filter>SDK</Filter>
    </ClInclude>
    <ClInclude Include="..\..\_src\ApproachSDK\sdk_MemoryWriter.h">
      <Filter>SDK</Filter>
    </ClInclude>
    <ClInclude Include="..\..\_src\ApproachSDK\sdk_MenuBuilder.h">
      <Filter>SDK</Filter>
    </ClInclude>
    <ClInclude Include="..\..\_src\ApproachSDK\sdk_MenuWindow.h">
      <Filter>SDK</Filter>
    </ClInclude>
    <ClInclude Include="..\..\_src\ApproachSDK\sdk_Plugin.h">
      <Filter>SDK</Filter>
    </ClInclude>
    <ClInclude Include="..\..\_src\ApproachSDK\sdk_PropPages.h">
      <Filter>SDK</Filter>
    </ClInclude>
    <ClInclude Include="..\..\_src\ApproachSDK\sdk_RuntimeObject.h">
      <Filter>SDK</Filter>
    </ClInclude>
    <ClInclude Include="..\..\_src\ApproachSDK\sdk_Scrollable.h">
      <Filter>SDK</Filter>
    </ClInclude>
    <ClInclude Include="..\..\_src\ApproachSDK\sdk_Selectable.h">
      <Filter>SDK</Filter>
    </ClInclude>
    <ClInclude Include="..\..\_src\ApproachSDK\sdk_Theme.h">
      <Filter>SDK</Filter>
    </ClInclude>
    <ClInclude Include="..\..\_src\ApproachSDK\sdk_Thread.h">
      <Filter>SDK</Filter>
    </ClInclude>
    <ClInclude Include="..\..\_src\ApproachSDK\sdk_Timer.h">
      <Filter>SDK</Filter>
    </ClInclude>
    <ClInclude Include="..\..\_src\ApproachSDK\sdk_Version.h">
      <Filter>SDK</Filter>
    </ClInclude>
    <ClInclude Include="..\..\_src\ApproachSDK\sdk_WindowNavigator.h">
      <Filter>SDK</Filter>
    </ClInclude>
  </ItemGroup>
  <ItemGroup>
    <ResourceCompile Include="Approach.rc">
      <Filter>Resource Files</Filter>
    </ResourceCompile>
    <ResourceCompile Include="ApproachWithStrings.rc">
      <Filter>Resource Files</Filter>
    </ResourceCompile>
  </ItemGroup>
  <ItemGroup>
    <None Include="Approach.rc2">
      <Filter>Resource Files</Filter>
    </None>
    <None Include="..\..\_res\Approach\Activation.ico">
      <Filter>Resources</Filter>
    </None>
    <None Include="..\..\_res\Approach\Approach.ico">
      <Filter>Resources</Filter>
    </None>
    <None Include="..\..\_res\Approach\darrow_n.bmp">
      <Filter>Resources</Filter>
    </None>
    <None Include="..\..\_res\Approach\darrow_s.bmp">
      <Filter>Resources</Filter>
    </None>
    <None Include="..\..\_res\Approach\ft_apchitems.bmp">
      <Filter>Resources</Filter>
    </None>
    <None Include="..\..\_res\Approach\ft_fldmnus.bmp">
      <Filter>Resources</Filter>
    </None>
    <None Include="..\..\_res\Approach\ft_tbarmnus.bmp">
      <Filter>Resources</Filter>
    </None>
    <None Include="..\..\_res\Approach\rarrow_n.bmp">
      <Filter>Resources</Filter>
    </None>
    <None Include="..\..\_res\Approach\rarrow_s.bmp">
      <Filter>Resources</Filter>
    </None>
    <None Include="..\..\_res\Approach\RunRecent.ico">
      <Filter>Resources</Filter>
    </None>
    <None Include="..\..\_res\Approach\uarrow_n.bmp">
      <Filter>Resources</Filter>
    </None>
    <None Include="..\..\_res\Approach\uarrow_s.bmp">
      <Filter>Resources</Filter>
    </None>
  </ItemGroup>
  <ItemGroup>
    <ClCompile Include="..\..\_src\Approach\Application.cpp">
      <Filter>Source Files</Filter>
    </ClCompile>
    <ClCompile Include="..\..\_src\Approach\Approach.cpp">
      <Filter>Source Files</Filter>
    </ClCompile>
    <ClCompile Include="..\..\_src\Approach\Assert.cpp">
      <Filter>Source Files</Filter>
    </ClCompile>
    <ClCompile Include="..\..\_src\Approach\DlgOptions.cpp">
      <Filter>Source Files</Filter>
    </ClCompile>
    <ClCompile Include="..\..\_src\Approach\DlgOptionsPropPages.cpp">
      <Filter>Source Files</Filter>
    </ClCompile>
    <ClCompile Include="..\..\_src\Approach\DynamicDisplayItem.cpp">
      <Filter>Source Files</Filter>
    </ClCompile>
    <ClCompile Include="..\..\_src\Approach\ExceptItem.cpp">
      <Filter>Source Files</Filter>
    </ClCompile>
    <ClCompile Include="..\..\_src\Approach\Framework.cpp">
      <Filter>Source Files</Filter>
    </ClCompile>
    <ClCompile Include="..\..\_src\Approach\HotspotImpl_FolderIcon.cpp">
      <Filter>Source Files</Filter>
    </ClCompile>
    <ClCompile Include="..\..\_src\Approach\HotspotImpl_NotifyIcon.cpp">
      <Filter>Source Files</Filter>
    </ClCompile>
    <ClCompile Include="..\..\_src\Approach\HotspotImpl_TitlebarMenus.cpp">
      <Filter>Source Files</Filter>
    </ClCompile>
    <ClCompile Include="..\..\_src\Approach\HotspotManager.cpp">
      <Filter>Source Files</Filter>
    </ClCompile>
    <ClCompile Include="..\..\_src\Approach\ItemContextMenuHandlerDefault.cpp">
      <Filter>Source Files</Filter>
    </ClCompile>
    <ClCompile Include="..\..\_src\Approach\LocalizationImpl.cpp">
      <Filter>Source Files</Filter>
    </ClCompile>
    <ClCompile Include="..\..\_src\Approach\LocalizationManager.cpp">
      <Filter>Source Files</Filter>
    </ClCompile>
    <ClCompile Include="..\..\_src\Approach\Logging.cpp">
      <Filter>Source Files</Filter>
    </ClCompile>
    <ClCompile Include="..\..\_src\Approach\MenuBuilder_Shell.cpp">
      <Filter>Source Files</Filter>
    </ClCompile>
    <ClCompile Include="..\..\_src\Approach\MenuManager.cpp">
      <Filter>Source Files</Filter>
    </ClCompile>
    <ClCompile Include="..\..\_src\Approach\MenusetImpl_Run.cpp">
      <Filter>Source Files</Filter>
    </ClCompile>
    <ClCompile Include="..\..\_src\Approach\MenuSetImpl_RunningProcesses.cpp">
      <Filter>Source Files</Filter>
    </ClCompile>
    <ClCompile Include="..\..\_src\Approach\MenuWindow_Shell.cpp">
      <Filter>Source Files</Filter>
    </ClCompile>
    <ClCompile Include="..\..\_src\Approach\Preferences.cpp">
      <Filter>Source Files</Filter>
    </ClCompile>
    <ClCompile Include="..\..\_src\Approach\RootWindow.cpp">
      <Filter>Source Files</Filter>
    </ClCompile>
    <ClCompile Include="..\..\_src\Approach\ScrollItem.cpp">
      <Filter>Source Files</Filter>
    </ClCompile>
    <ClCompile Include="..\..\_src\Approach\ShellFolder.cpp">
      <Filter>Source Files</Filter>
    </ClCompile>
    <ClCompile Include="..\..\_src\Approach\ShellFolderLink.cpp">
      <Filter>Source Files</Filter>
    </ClCompile>
    <ClCompile Include="..\..\_src\Approach\ShellIconBackgroundExtraction.cpp">
      <Filter>Source Files</Filter>
    </ClCompile>
    <ClCompile Include="..\..\_src\Approach\ShellIconCache.cpp">
      <Filter>Source Files</Filter>
    </ClCompile>
    <ClCompile Include="..\..\_src\Approach\ShellItem.cpp">
      <Filter>Source Files</Filter>
    </ClCompile>
    <ClCompile Include="..\..\_src\Approach\ShellItemContextMenuExtension.cpp">
      <Filter>Source Files</Filter>
    </ClCompile>
    <ClCompile Include="..\..\_src\Approach\ShellItemEnumerator.cpp">
      <Filter>Source Files</Filter>
    </ClCompile>
    <ClCompile Include="..\..\_src\Approach\ShellItemFactory.cpp">
      <Filter>Source Files</Filter>
    </ClCompile>
    <ClCompile Include="..\..\_src\Approach\stdafx.cpp">
      <Filter>Source Files</Filter>
    </ClCompile>
    <ClCompile Include="..\..\_src\Approach\ThemeDefault.cpp">
      <Filter>Source Files</Filter>
    </ClCompile>
    <ClCompile Include="..\..\_src\Approach\UpdateCheck.cpp">
      <Filter>Source Files</Filter>
    </ClCompile>
    <ClCompile Include="..\..\_src\Approach\util_Localization.cpp">
      <Filter>Source Files</Filter>
    </ClCompile>
    <ClCompile Include="..\..\_src\Approach\UtilPidlFunc.cpp">
      <Filter>Source Files</Filter>
    </ClCompile>
    <ClCompile Include="..\..\_src\Approach\UtilShellFunc.cpp">
      <Filter>Source Files</Filter>
    </ClCompile>
    <ClCompile Include="..\..\_src\Approach\UtilShellNotify.cpp">
      <Filter>Source Files</Filter>
    </ClCompile>
  </ItemGroup>
  <ItemGroup>
    <CustomBuildStep Include="..\..\_src\Approach\auto_LocResource.h">
      <Filter>Resource Files</Filter>
    </CustomBuildStep>
    <CustomBuildStep Include="..\..\_res\Approach\Approach.exe.manifest">
      <Filter>Resources</Filter>
    </CustomBuildStep>
    <CustomBuildStep Include="..\..\_res\Approach\Approach64.exe.manifest">
      <Filter>Resources</Filter>
    </CustomBuildStep>
  </ItemGroup>
</Project>